// !$*UTF8*$!
{
	archiveVersion = 1;
	classes = {
	};
	objectVersion = 46;
	objects = {

/* Begin PBXBuildFile section */
		019312C21DDFB91700AB2C87 /* AppDelegate.swift in Sources */ = {isa = PBXBuildFile; fileRef = 019312C11DDFB91700AB2C87 /* AppDelegate.swift */; };
		019312C41DDFB91700AB2C87 /* ViewController.swift in Sources */ = {isa = PBXBuildFile; fileRef = 019312C31DDFB91700AB2C87 /* ViewController.swift */; };
		019312C61DDFB91700AB2C87 /* Assets.xcassets in Resources */ = {isa = PBXBuildFile; fileRef = 019312C51DDFB91700AB2C87 /* Assets.xcassets */; };
		019312C91DDFB91700AB2C87 /* Main.storyboard in Resources */ = {isa = PBXBuildFile; fileRef = 019312C71DDFB91700AB2C87 /* Main.storyboard */; };
		019312D31DDFC9B600AB2C87 /* WindowController.swift in Sources */ = {isa = PBXBuildFile; fileRef = 019312D21DDFC9B600AB2C87 /* WindowController.swift */; };
		019312D51DDFCF2000AB2C87 /* TouchBarIdentifiers.swift in Sources */ = {isa = PBXBuildFile; fileRef = 019312D41DDFCF2000AB2C87 /* TouchBarIdentifiers.swift */; };
		019312D71DDFD02900AB2C87 /* VaultController.swift in Sources */ = {isa = PBXBuildFile; fileRef = 019312D61DDFD02900AB2C87 /* VaultController.swift */; };
/* End PBXBuildFile section */

/* Begin PBXFileReference section */
		019312BE1DDFB91700AB2C87 /* TouchIDVaultMac.app */ = {isa = PBXFileReference; explicitFileType = wrapper.application; includeInIndex = 0; path = TouchIDVaultMac.app; sourceTree = BUILT_PRODUCTS_DIR; };
		019312C11DDFB91700AB2C87 /* AppDelegate.swift */ = {isa = PBXFileReference; lastKnownFileType = sourcecode.swift; path = AppDelegate.swift; sourceTree = "<group>"; };
		019312C31DDFB91700AB2C87 /* ViewController.swift */ = {isa = PBXFileReference; lastKnownFileType = sourcecode.swift; path = ViewController.swift; sourceTree = "<group>"; };
		019312C51DDFB91700AB2C87 /* Assets.xcassets */ = {isa = PBXFileReference; lastKnownFileType = folder.assetcatalog; path = Assets.xcassets; sourceTree = "<group>"; };
		019312C81DDFB91700AB2C87 /* Base */ = {isa = PBXFileReference; lastKnownFileType = file.storyboard; name = Base; path = Base.lproj/Main.storyboard; sourceTree = "<group>"; };
		019312CA1DDFB91700AB2C87 /* Info.plist */ = {isa = PBXFileReference; lastKnownFileType = text.plist.xml; path = Info.plist; sourceTree = "<group>"; };
		019312D21DDFC9B600AB2C87 /* WindowController.swift */ = {isa = PBXFileReference; fileEncoding = 4; lastKnownFileType = sourcecode.swift; path = WindowController.swift; sourceTree = "<group>"; };
		019312D41DDFCF2000AB2C87 /* TouchBarIdentifiers.swift */ = {isa = PBXFileReference; fileEncoding = 4; lastKnownFileType = sourcecode.swift; path = TouchBarIdentifiers.swift; sourceTree = "<group>"; };
		019312D61DDFD02900AB2C87 /* VaultController.swift */ = {isa = PBXFileReference; fileEncoding = 4; lastKnownFileType = sourcecode.swift; path = VaultController.swift; sourceTree = "<group>"; };
/* End PBXFileReference section */

/* Begin PBXFrameworksBuildPhase section */
		019312BB1DDFB91700AB2C87 /* Frameworks */ = {
			isa = PBXFrameworksBuildPhase;
			buildActionMask = 2147483647;
			files = (
			);
			runOnlyForDeploymentPostprocessing = 0;
		};
/* End PBXFrameworksBuildPhase section */

/* Begin PBXGroup section */
		019312B51DDFB91700AB2C87 = {
			isa = PBXGroup;
			children = (
				019312C01DDFB91700AB2C87 /* TouchIDVaultMac */,
				019312BF1DDFB91700AB2C87 /* Products */,
			);
			sourceTree = "<group>";
		};
		019312BF1DDFB91700AB2C87 /* Products */ = {
			isa = PBXGroup;
			children = (
				019312BE1DDFB91700AB2C87 /* TouchIDVaultMac.app */,
			);
			name = Products;
			sourceTree = "<group>";
		};
		019312C01DDFB91700AB2C87 /* TouchIDVaultMac */ = {
			isa = PBXGroup;
			children = (
				019312C11DDFB91700AB2C87 /* AppDelegate.swift */,
				019312D21DDFC9B600AB2C87 /* WindowController.swift */,
				019312D41DDFCF2000AB2C87 /* TouchBarIdentifiers.swift */,
				019312C31DDFB91700AB2C87 /* ViewController.swift */,
				019312D61DDFD02900AB2C87 /* VaultController.swift */,
				019312C51DDFB91700AB2C87 /* Assets.xcassets */,
				019312C71DDFB91700AB2C87 /* Main.storyboard */,
				019312CA1DDFB91700AB2C87 /* Info.plist */,
			);
			path = TouchIDVaultMac;
			sourceTree = "<group>";
		};
/* End PBXGroup section */

/* Begin PBXNativeTarget section */
		019312BD1DDFB91700AB2C87 /* TouchIDVaultMac */ = {
			isa = PBXNativeTarget;
			buildConfigurationList = 019312CD1DDFB91700AB2C87 /* Build configuration list for PBXNativeTarget "TouchIDVaultMac" */;
			buildPhases = (
				019312BA1DDFB91700AB2C87 /* Sources */,
				019312BB1DDFB91700AB2C87 /* Frameworks */,
				019312BC1DDFB91700AB2C87 /* Resources */,
			);
			buildRules = (
			);
			dependencies = (
			);
			name = TouchIDVaultMac;
			productName = TouchIDVaultMac;
			productReference = 019312BE1DDFB91700AB2C87 /* TouchIDVaultMac.app */;
			productType = "com.apple.product-type.application";
		};
/* End PBXNativeTarget section */

/* Begin PBXProject section */
		019312B61DDFB91700AB2C87 /* Project object */ = {
			isa = PBXProject;
			attributes = {
				LastSwiftUpdateCheck = 0810;
				LastUpgradeCheck = 0810;
				ORGANIZATIONNAME = "Tanmay Bakshi";
				TargetAttributes = {
					019312BD1DDFB91700AB2C87 = {
						CreatedOnToolsVersion = 8.1;
						DevelopmentTeam = 998XWVFVMR;
						ProvisioningStyle = Automatic;
					};
				};
			};
			buildConfigurationList = 019312B91DDFB91700AB2C87 /* Build configuration list for PBXProject "TouchIDVaultMac" */;
			compatibilityVersion = "Xcode 3.2";
			developmentRegion = English;
			hasScannedForEncodings = 0;
			knownRegions = (
				en,
				Base,
			);
			mainGroup = 019312B51DDFB91700AB2C87;
			productRefGroup = 019312BF1DDFB91700AB2C87 /* Products */;
			projectDirPath = "";
			projectRoot = "";
			targets = (
				019312BD1DDFB91700AB2C87 /* TouchIDVaultMac */,
			);
		};
/* End PBXProject section */

/* Begin PBXResourcesBuildPhase section */
		019312BC1DDFB91700AB2C87 /* Resources */ = {
			isa = PBXResourcesBuildPhase;
			buildActionMask = 2147483647;
			files = (
				019312C61DDFB91700AB2C87 /* Assets.xcassets in Resources */,
				019312C91DDFB91700AB2C87 /* Main.storyboard in Resources */,
			);
			runOnlyForDeploymentPostprocessing = 0;
		};
/* End PBXResourcesBuildPhase section */

/* Begin PBXSourcesBuildPhase section */
		019312BA1DDFB91700AB2C87 /* Sources */ = {
			isa = PBXSourcesBuildPhase;
			buildActionMask = 2147483647;
			files = (
				019312C41DDFB91700AB2C87 /* ViewController.swift in Sources */,
				019312D31DDFC9B600AB2C87 /* WindowController.swift in Sources */,
				019312D71DDFD02900AB2C87 /* VaultController.swift in Sources */,
				019312D51DDFCF2000AB2C87 /* TouchBarIdentifiers.swift in Sources */,
				019312C21DDFB91700AB2C87 /* AppDelegate.swift in Sources */,
			);
			runOnlyForDeploymentPostprocessing = 0;
		};
/* End PBXSourcesBuildPhase section */

/* Begin PBXVariantGroup section */
		019312C71DDFB91700AB2C87 /* Main.storyboard */ = {
			isa = PBXVariantGroup;
			children = (
				019312C81DDFB91700AB2C87 /* Base */,
			);
			name = Main.storyboard;
			sourceTree = "<group>";
		};
/* End PBXVariantGroup section */

/* Begin XCBuildConfiguration section */
		019312CB1DDFB91700AB2C87 /* Debug */ = {
			isa = XCBuildConfiguration;
			buildSettings = {
				ALWAYS_SEARCH_USER_PATHS = NO;
				CLANG_ANALYZER_NONNULL = YES;
				CLANG_CXX_LANGUAGE_STANDARD = "gnu++0x";
				CLANG_CXX_LIBRARY = "libc++";
				CLANG_ENABLE_MODULES = YES;
				CLANG_ENABLE_OBJC_ARC = YES;
				CLANG_WARN_BOOL_CONVERSION = YES;
				CLANG_WARN_CONSTANT_CONVERSION = YES;
				CLANG_WARN_DIRECT_OBJC_ISA_USAGE = YES_ERROR;
				CLANG_WARN_DOCUMENTATION_COMMENTS = YES;
				CLANG_WARN_EMPTY_BODY = YES;
				CLANG_WARN_ENUM_CONVERSION = YES;
				CLANG_WARN_INFINITE_RECURSION = YES;
				CLANG_WARN_INT_CONVERSION = YES;
				CLANG_WARN_OBJC_ROOT_CLASS = YES_ERROR;
				CLANG_WARN_SUSPICIOUS_MOVES = YES;
				CLANG_WARN_UNREACHABLE_CODE = YES;
				CLANG_WARN__DUPLICATE_METHOD_MATCH = YES;
				CODE_SIGN_IDENTITY = "-";
				COPY_PHASE_STRIP = NO;
				DEBUG_INFORMATION_FORMAT = dwarf;
				ENABLE_STRICT_OBJC_MSGSEND = YES;
				ENABLE_TESTABILITY = YES;
				GCC_C_LANGUAGE_STANDARD = gnu99;
				GCC_DYNAMIC_NO_PIC = NO;
				GCC_NO_COMMON_BLOCKS = YES;
				GCC_OPTIMIZATION_LEVEL = 0;
				GCC_PREPROCESSOR_DEFINITIONS = (
					"DEBUG=1",
					"$(inherited)",
				);
				GCC_WARN_64_TO_32_BIT_CONVERSION = YES;
				GCC_WARN_ABOUT_RETURN_TYPE = YES_ERROR;
				GCC_WARN_UNDECLARED_SELECTOR = YES;
				GCC_WARN_UNINITIALIZED_AUTOS = YES_AGGRESSIVE;
				GCC_WARN_UNUSED_FUNCTION = YES;
				GCC_WARN_UNUSED_VARIABLE = YES;
				MACOSX_DEPLOYMENT_TARGET = 10.12;
				MTL_ENABLE_DEBUG_INFO = YES;
				ONLY_ACTIVE_ARCH = YES;
				SDKROOT = macosx;
				SWIFT_ACTIVE_COMPILATION_CONDITIONS = DEBUG;
				SWIFT_OPTIMIZATION_LEVEL = "-Onone";
			};
			name = Debug;
		};
		019312CC1DDFB91700AB2C87 /* Release */ = {
			isa = XCBuildConfiguration;
			buildSettings = {
				ALWAYS_SEARCH_USER_PATHS = NO;
				CLANG_ANALYZER_NONNULL = YES;
				CLANG_CXX_LANGUAGE_STANDARD = "gnu++0x";
				CLANG_CXX_LIBRARY = "libc++";
				CLANG_ENABLE_MODULES = YES;
				CLANG_ENABLE_OBJC_ARC = YES;
				CLANG_WARN_BOOL_CONVERSION = YES;
				CLANG_WARN_CONSTANT_CONVERSION = YES;
				CLANG_WARN_DIRECT_OBJC_ISA_USAGE = YES_ERROR;
				CLANG_WARN_DOCUMENTATION_COMMENTS = YES;
				CLANG_WARN_EMPTY_BODY = YES;
				CLANG_WARN_ENUM_CONVERSION = YES;
				CLANG_WARN_INFINITE_RECURSION = YES;
				CLANG_WARN_INT_CONVERSION = YES;
				CLANG_WARN_OBJC_ROOT_CLASS = YES_ERROR;
				CLANG_WARN_SUSPICIOUS_MOVES = YES;
				CLANG_WARN_UNREACHABLE_CODE = YES;
				CLANG_WARN__DUPLICATE_METHOD_MATCH = YES;
				CODE_SIGN_IDENTITY = "-";
				COPY_PHASE_STRIP = NO;
				DEBUG_INFORMATION_FORMAT = "dwarf-with-dsym";
				ENABLE_NS_ASSERTIONS = NO;
				ENABLE_STRICT_OBJC_MSGSEND = YES;
				GCC_C_LANGUAGE_STANDARD = gnu99;
				GCC_NO_COMMON_BLOCKS = YES;
				GCC_WARN_64_TO_32_BIT_CONVERSION = YES;
				GCC_WARN_ABOUT_RETURN_TYPE = YES_ERROR;
				GCC_WARN_UNDECLARED_SELECTOR = YES;
				GCC_WARN_UNINITIALIZED_AUTOS = YES_AGGRESSIVE;
				GCC_WARN_UNUSED_FUNCTION = YES;
				GCC_WARN_UNUSED_VARIABLE = YES;
				MACOSX_DEPLOYMENT_TARGET = 10.12;
				MTL_ENABLE_DEBUG_INFO = NO;
				SDKROOT = macosx;
				SWIFT_OPTIMIZATION_LEVEL = "-Owholemodule";
			};
			name = Release;
		};
		019312CE1DDFB91700AB2C87 /* Debug */ = {
			isa = XCBuildConfiguration;
			buildSettings = {
				ASSETCATALOG_COMPILER_APPICON_NAME = AppIcon;
				CODE_SIGN_IDENTITY = "Mac Developer";
				COMBINE_HIDPI_IMAGES = YES;
				DEVELOPMENT_TEAM = 998XWVFVMR;
				INFOPLIST_FILE = TouchIDVaultMac/Info.plist;
				LD_RUNPATH_SEARCH_PATHS = "$(inherited) @executable_path/../Frameworks";
				PRODUCT_BUNDLE_IDENTIFIER = TBSS.TouchIDVault;
				PRODUCT_NAME = "$(TARGET_NAME)";
				SWIFT_VERSION = 3.0;
			};
			name = Debug;
		};
		019312CF1DDFB91700AB2C87 /* Release */ = {
			isa = XCBuildConfiguration;
			buildSettings = {
				ASSETCATALOG_COMPILER_APPICON_NAME = AppIcon;
				CODE_SIGN_IDENTITY = "Mac Developer";
				COMBINE_HIDPI_IMAGES = YES;
				DEVELOPMENT_TEAM = 998XWVFVMR;
				INFOPLIST_FILE = TouchIDVaultMac/Info.plist;
				LD_RUNPATH_SEARCH_PATHS = "$(inherited) @executable_path/../Frameworks";
				PRODUCT_BUNDLE_IDENTIFIER = TBSS.TouchIDVault;
				PRODUCT_NAME = "$(TARGET_NAME)";
				SWIFT_VERSION = 3.0;
			};
			name = Release;
		};
/* End XCBuildConfiguration section */

/* Begin XCConfigurationList section */
		019312B91DDFB91700AB2C87 /* Build configuration list for PBXProject "TouchIDVaultMac" */ = {
			isa = XCConfigurationList;
			buildConfigurations = (
				019312CB1DDFB91700AB2C87 /* Debug */,
				019312CC1DDFB91700AB2C87 /* Release */,
			);
			defaultConfigurationIsVisible = 0;
			defaultConfigurationName = Release;
		};
		019312CD1DDFB91700AB2C87 /* Build configuration list for PBXNativeTarget "TouchIDVaultMac" */ = {
			isa = XCConfigurationList;
			buildConfigurations = (
				019312CE1DDFB91700AB2C87 /* Debug */,
				019312CF1DDFB91700AB2C87 /* Release */,
			);
			defaultConfigurationIsVisible = 0;
			defaultConfigurationName = Release;
		};
/* End XCConfigurationList section */
	};
	rootObject = 019312B61DDFB91700AB2C87 /* Project object */;
}
